
Microsoft Visual Studio Solution File, Format Version 12.00
# Visual Studio Version 16
VisualStudioVersion = 16.0.32510.428
MinimumVisualStudioVersion = 10.0.40219.1
Project("{FAE04EC0-301F-11D3-BF4B-00C04F79EFBC}") = "ConsoleRabbitMQConsumer", "ConsoleRabbitMQConsumer\ConsoleRabbitMQConsumer.csproj", "{33269DF2-E24F-4AF3-9105-C297A7BA9E1E}"
EndProject
Global
	GlobalSection(SolutionConfigurationPlatforms) = preSolution
		Debug|Any CPU = Debug|Any CPU
		Release|Any CPU = Release|Any CPU
	EndGlobalSection
	GlobalSection(ProjectConfigurationPlatforms) = postSolution
		{33269DF2-E24F-4AF3-9105-C297A7BA9E1E}.Debug|Any CPU.ActiveCfg = Debug|Any CPU
		{33269DF2-E24F-4AF3-9105-C297A7BA9E1E}.Debug|Any CPU.Build.0 = Debug|Any CPU
		{33269DF2-E24F-4AF3-9105-C297A7BA9E1E}.Release|Any CPU.ActiveCfg = Release|Any CPU
		{33269DF2-E24F-4AF3-9105-C297A7BA9E1E}.Release|Any CPU.Build.0 = Release|Any CPU
	EndGlobalSection
	GlobalSection(SolutionProperties) = preSolution
		HideSolutionNode = FALSE
	EndGlobalSection
	GlobalSection(ExtensibilityGlobals) = postSolution
		SolutionGuid = {3D28950A-3FD9-4FD2-BD61-87C8F035CAEC}
	EndGlobalSection
EndGlobal
